Microsoft Visual Studio Solution File, Format Version 12.00
# Visual Studio Version 17
VisualStudioVersion = 17.5.2.0
MinimumVisualStudioVersion = 10.0.40219.1
Project("{FAE04EC0-301F-11D3-BF4B-00C04F79EFBC}") = "athena-backend", "athena-backend.csproj", "{E7171436-0B0C-7A3A-CD84-A0C8D718D0A5}"
EndProject
Global
	GlobalSection(SolutionConfigurationPlatforms) = preSolution
		Debug|Any CPU = Debug|Any CPU
		Release|Any CPU = Release|Any CPU
	EndGlobalSection
	GlobalSection(ProjectConfigurationPlatforms) = postSolution
		{E7171436-0B0C-7A3A-CD84-A0C8D718D0A5}.Debug|Any CPU.ActiveCfg = Debug|Any CPU
		{E7171436-0B0C-7A3A-CD84-A0C8D718D0A5}.Debug|Any CPU.Build.0 = Debug|Any CPU
		{E7171436-0B0C-7A3A-CD84-A0C8D718D0A5}.Release|Any CPU.ActiveCfg = Release|Any CPU
		{E7171436-0B0C-7A3A-CD84-A0C8D718D0A5}.Release|Any CPU.Build.0 = Release|Any CPU
	EndGlobalSection
	GlobalSection(SolutionProperties) = preSolution
		HideSolutionNode = FALSE
	EndGlobalSection
	GlobalSection(ExtensibilityGlobals) = postSolution
		SolutionGuid = {049225B0-0BA7-47C6-BE89-0259F9E4F1D8}
	EndGlobalSection
EndGlobal
